PODS:
  - device_calendar (0.0.1):
    - Flutter
  - Flutter (1.0.0)

DEPENDENCIES:
  - device_calendar (from `.symlinks/plugins/device_calendar/ios`)
  - Flutter (from `Flutter`)

EXTERNAL SOURCES:
  device_calendar:
    :path: ".symlinks/plugins/device_calendar/ios"
  Flutter:
    :path: Flutter

SPEC CHECKSUMS:
  device_calendar: b55b2c5406cfba45c95a59f9059156daee1f74ed
  Flutter: cabc95a1d2626b1b06e7179b784ebcf0c0cde467

PODFILE CHECKSUM: 65a6ba0e4b3bb3f7189885fb90c414d2d556c7cc

COCOAPODS: 1.16.2
